
Microsoft Visual Studio Solution File, Format Version 12.00
# Visual Studio Version 17
VisualStudioVersion = 17.9.34723.18
MinimumVisualStudioVersion = 10.0.40219.1
Project("{9A19103F-16F7-4668-BE54-9A1E7A4F7556}") = "Team42Test", "Team42Test.csproj", "{8B50FCED-8D67-4730-BB3A-90A5A9B54033}"
EndProject
Global
	GlobalSection(SolutionConfigurationPlatforms) = preSolution
		Debug|Any CPU = Debug|Any CPU
		Release|Any CPU = Release|Any CPU
	EndGlobalSection
	GlobalSection(ProjectConfigurationPlatforms) = postSolution
		{8B50FCED-8D67-4730-BB3A-90A5A9B54033}.Debug|Any CPU.ActiveCfg = Debug|Any CPU
		{8B50FCED-8D67-4730-BB3A-90A5A9B54033}.Debug|Any CPU.Build.0 = Debug|Any CPU
		{8B50FCED-8D67-4730-BB3A-90A5A9B54033}.Release|Any CPU.ActiveCfg = Release|Any CPU
		{8B50FCED-8D67-4730-BB3A-90A5A9B54033}.Release|Any CPU.Build.0 = Release|Any CPU
	EndGlobalSection
	GlobalSection(SolutionProperties) = preSolution
		HideSolutionNode = FALSE
	EndGlobalSection
	GlobalSection(ExtensibilityGlobals) = postSolution
		SolutionGuid = {E9B6175D-4E6A-475F-9691-2EF93A2FC6A9}
	EndGlobalSection
EndGlobal
